// !$*UTF8*$!
{
	archiveVersion = 1;
	classes = {
	};
	objectVersion = 110;
	objects = {

/* Begin PBXBuildFile section */
		98F94ADB304BBBB90067966D /* AssetsDownloader.appex in Embed ExtensionKit Extensions */ = {isa = PBXBuildFile; fileRef = 98F94AD3304BBBB90067966D /* AssetsDownloader.appex */; settings = {ATTRIBUTES = (RemoveHeadersOnCopy, ); }; };
		98F94F2B304D3EAD0067966D /* README.md in Resources */ = {isa = PBXBuildFile; fileRef = 98F94F2A304D3EAD0067966D /* README.md */; };
/* End PBXBuildFile section */

/* Begin PBXContainerItemProxy section */
		98F94AD9304BBBB90067966D /* PBXContainerItemProxy */ = {
			isa = PBXContainerItemProxy;
			containerPortal = 98F94AB9304BB54E0067966D /* Project object */;
			proxyType = 1;
			remoteGlobalIDString = 98F94AD2304BBBB90067966D;
			remoteInfo = AssetsDownloader;
		};
/* End PBXContainerItemProxy section */

/* Begin PBXCopyFilesBuildPhase section */
		98F94AE0304BBBB90067966D /* Embed ExtensionKit Extensions */ = {
			isa = PBXCopyFilesBuildPhase;
			dstPath = "$(EXTENSIONS_FOLDER_PATH)";
			dstSubfolder = Product;
			files = (
				98F94ADB304BBBB90067966D /* AssetsDownloader.appex in Embed ExtensionKit Extensions */,
			);
			name = "Embed ExtensionKit Extensions";
		};
/* End PBXCopyFilesBuildPhase section */

/* Begin PBXFileReference section */
		98F94AC1304BB54E0067966D /* BackgroundAssetDemo.app */ = {isa = PBXFileReference; explicitFileType = wrapper.application; includeInIndex = 0; path = BackgroundAssetDemo.app; sourceTree = BUILT_PRODUCTS_DIR; };
		98F94AD3304BBBB90067966D /* AssetsDownloader.appex */ = {isa = PBXFileReference; explicitFileType = "wrapper.extensionkit-extension"; includeInIndex = 0; path = AssetsDownloader.appex; sourceTree = BUILT_PRODUCTS_DIR; };
		98F94F2A304D3EAD0067966D /* README.md */ = {isa = PBXFileReference; lastKnownFileType = net.daringfireball.markdown; path = README.md; sourceTree = "<group>"; };
/* End PBXFileReference section */

/* Begin PBXFileSystemSynchronizedBuildFileExceptionSet section */
		98F94ADC304BBBB90067966D /* Exceptions for "AssetsDownloader" folder in "AssetsDownloader" target */ = {
			isa = PBXFileSystemSynchronizedBuildFileExceptionSet;
			membershipExceptions = (
				Info.plist,
			);
			target = 98F94AD2304BBBB90067966D /* AssetsDownloader */;
		};
		98F94AE3304BBD260067966D /* Exceptions for "BackgroundAssetDemo" folder in "BackgroundAssetDemo" target */ = {
			isa = PBXFileSystemSynchronizedBuildFileExceptionSet;
			membershipExceptions = (
				Info.plist,
			);
			target = 98F94AC0304BB54E0067966D /* BackgroundAssetDemo */;
		};
/* End PBXFileSystemSynchronizedBuildFileExceptionSet section */

/* Begin PBXFileSystemSynchronizedRootGroup section */
		98F94AC3304BB54E0067966D /* BackgroundAssetDemo */ = {
			isa = PBXFileSystemSynchronizedRootGroup;
			exceptions = (
				98F94AE3304BBD260067966D /* Exceptions for "BackgroundAssetDemo" folder in "BackgroundAssetDemo" target */,
			);
			path = BackgroundAssetDemo;
			sourceTree = "<group>";
		};
		98F94AD4304BBBB90067966D /* AssetsDownloader */ = {
			isa = PBXFileSystemSynchronizedRootGroup;
			exceptions = (
				98F94ADC304BBBB90067966D /* Exceptions for "AssetsDownloader" folder in "AssetsDownloader" target */,
			);
			path = AssetsDownloader;
			sourceTree = "<group>";
		};
		98F94F32304D411C0067966D /* MyAssetPack */ = {
			isa = PBXFileSystemSynchronizedRootGroup;
			path = MyAssetPack;
			sourceTree = "<group>";
		};
/* End PBXFileSystemSynchronizedRootGroup section */

/* Begin PBXFrameworksBuildPhase section */
		98F94ABE304BB54E0067966D /* Frameworks */ = {
			isa = PBXFrameworksBuildPhase;
			files = (
			);
		};
		98F94AD0304BBBB90067966D /* Frameworks */ = {
			isa = PBXFrameworksBuildPhase;
			files = (
			);
		};
/* End PBXFrameworksBuildPhase section */

/* Begin PBXGroup section */
		98F94AB8304BB54E0067966D = {
			isa = PBXGroup;
			children = (
				98F94F32304D411C0067966D /* MyAssetPack */,
				98F94F2A304D3EAD0067966D /* README.md */,
				98F94AC3304BB54E0067966D /* BackgroundAssetDemo */,
				98F94AD4304BBBB90067966D /* AssetsDownloader */,
				98F94AC2304BB54E0067966D /* Products */,
			);
			sourceTree = "<group>";
		};
		98F94AC2304BB54E0067966D /* Products */ = {
			isa = PBXGroup;
			children = (
				98F94AC1304BB54E0067966D /* BackgroundAssetDemo.app */,
				98F94AD3304BBBB90067966D /* AssetsDownloader.appex */,
			);
			name = Products;
			sourceTree = "<group>";
		};
/* End PBXGroup section */

/* Begin PBXNativeTarget section */
		98F94AC0304BB54E0067966D /* BackgroundAssetDemo */ = {
			isa = PBXNativeTarget;
			buildConfigurationList = 98F94ACC304BB54E0067966D /* Build configuration list for PBXNativeTarget "BackgroundAssetDemo" */;
			buildPhases = (
				98F94ABD304BB54E0067966D /* Sources */,
				98F94ABE304BB54E0067966D /* Frameworks */,
				98F94ABF304BB54E0067966D /* Resources */,
				98F94AE0304BBBB90067966D /* Embed ExtensionKit Extensions */,
			);
			buildRules = (
			);
			dependencies = (
				98F94ADA304BBBB90067966D /* PBXTargetDependency */,
			);
			fileSystemSynchronizedGroups = (
				98F94AC3304BB54E0067966D /* BackgroundAssetDemo */,
			);
			name = BackgroundAssetDemo;
			productName = BackgroundAssetDemo;
			productReference = 98F94AC1304BB54E0067966D /* BackgroundAssetDemo.app */;
			productType = "com.apple.product-type.application";
		};
		98F94AD2304BBBB90067966D /* AssetsDownloader */ = {
			isa = PBXNativeTarget;
			buildConfigurationList = 98F94ADD304BBBB90067966D /* Build configuration list for PBXNativeTarget "AssetsDownloader" */;
			buildPhases = (
				98F94ACF304BBBB90067966D /* Sources */,
				98F94AD0304BBBB90067966D /* Frameworks */,
				98F94AD1304BBBB90067966D /* Resources */,
			);
			buildRules = (
			);
			fileSystemSynchronizedGroups = (
				98F94AD4304BBBB90067966D /* AssetsDownloader */,
			);
			name = AssetsDownloader;
			productName = AssetsDownloader;
			productReference = 98F94AD3304BBBB90067966D /* AssetsDownloader.appex */;
			productType = "com.apple.product-type.extensionkit-extension";
		};
/* End PBXNativeTarget section */

/* Begin PBXProject section */
		98F94AB9304BB54E0067966D /* Project object */ = {
			isa = PBXProject;
			attributes = {
				BuildIndependentTargetsInParallel = 1;
				LastSwiftUpdateCheck = 2700;
				LastUpgradeCheck = 2700;
				TargetAttributes = {
					98F94AC0304BB54E0067966D = {
						CreatedOnToolsVersion = 27.0;
					};
					98F94AD2304BBBB90067966D = {
						CreatedOnToolsVersion = 27.0;
					};
				};
			};
			buildConfigurationList = 98F94ABC304BB54E0067966D /* Build configuration list for PBXProject "BackgroundAssetDemo" */;
			developmentRegion = en;
			hasScannedForEncodings = 0;
			knownRegions = (
				en,
				Base,
			);
			mainGroup = 98F94AB8304BB54E0067966D;
			minimizedProjectReferenceProxies = 1;
			preferredProjectObjectVersion = 77;
			productRefGroup = 98F94AC2304BB54E0067966D /* Products */;
			projectDirPath = "";
			projectRoot = "";
			targets = (
				98F94AC0304BB54E0067966D /* BackgroundAssetDemo */,
				98F94AD2304BBBB90067966D /* AssetsDownloader */,
			);
		};
/* End PBXProject section */

/* Begin PBXResourcesBuildPhase section */
		98F94ABF304BB54E0067966D /* Resources */ = {
			isa = PBXResourcesBuildPhase;
			files = (
			);
		};
		98F94AD1304BBBB90067966D /* Resources */ = {
			isa = PBXResourcesBuildPhase;
			files = (
				98F94F2B304D3EAD0067966D /* README.md in Resources */,
			);
		};
/* End PBXResourcesBuildPhase section */

/* Begin PBXSourcesBuildPhase section */
		98F94ABD304BB54E0067966D /* Sources */ = {
			isa = PBXSourcesBuildPhase;
			files = (
			);
		};
		98F94ACF304BBBB90067966D /* Sources */ = {
			isa = PBXSourcesBuildPhase;
			files = (
			);
		};
/* End PBXSourcesBuildPhase section */

/* Begin PBXTargetDependency section */
		98F94ADA304BBBB90067966D /* PBXTargetDependency */ = {
			isa = PBXTargetDependency;
			target = 98F94AD2304BBBB90067966D /* AssetsDownloader */;
			targetProxy = 98F94AD9304BBBB90067966D /* PBXContainerItemProxy */;
		};
/* End PBXTargetDependency section */

/* Begin XCBuildConfiguration section */
		98F94ACA304BB54E0067966D /* Debug configuration for PBXProject "BackgroundAssetDemo" */ = {
			isa = XCBuildConfiguration;
			buildSettings = {
				ALWAYS_SEARCH_USER_PATHS = NO;
				ASSETCATALOG_COMPILER_GENERATE_SWIFT_ASSET_SYMBOL_EXTENSIONS = YES;
				CLANG_ANALYZER_NONNULL = YES;
				CLANG_ANALYZER_NUMBER_OBJECT_CONVERSION = YES_AGGRESSIVE;
				CLANG_CXX_LANGUAGE_STANDARD = "gnu++20";
				CLANG_ENABLE_MODULES = YES;
				CLANG_ENABLE_OBJC_ARC = YES;
				CLANG_ENABLE_OBJC_WEAK = YES;
				CLANG_WARN_BLOCK_CAPTURE_AUTORELEASING = YES;
				CLANG_WARN_BOOL_CONVERSION = YES;
				CLANG_WARN_COMMA = YES;
				CLANG_WARN_CONSTANT_CONVERSION = YES;
				CLANG_WARN_DEPRECATED_OBJC_IMPLEMENTATIONS = YES;
				CLANG_WARN_DIRECT_OBJC_ISA_USAGE = YES_ERROR;
				CLANG_WARN_DOCUMENTATION_COMMENTS = YES;
				CLANG_WARN_EMPTY_BODY = YES;
				CLANG_WARN_ENUM_CONVERSION = YES;
				CLANG_WARN_INFINITE_RECURSION = YES;
				CLANG_WARN_INT_CONVERSION = YES;
				CLANG_WARN_NON_LITERAL_NULL_CONVERSION = YES;
				CLANG_WARN_OBJC_IMPLICIT_RETAIN_SELF = YES;
				CLANG_WARN_OBJC_LITERAL_CONVERSION = YES;
				CLANG_WARN_OBJC_ROOT_CLASS = YES_ERROR;
				CLANG_WARN_QUOTED_INCLUDE_IN_FRAMEWORK_HEADER = YES;
				CLANG_WARN_RANGE_LOOP_ANALYSIS = YES;
				CLANG_WARN_STRICT_PROTOTYPES = YES;
				CLANG_WARN_SUSPICIOUS_MOVE = YES;
				CLANG_WARN_UNGUARDED_AVAILABILITY = YES_AGGRESSIVE;
				CLANG_WARN_UNREACHABLE_CODE = YES;
				CLANG_WARN__DUPLICATE_METHOD_MATCH = YES;
				COPY_PHASE_STRIP = NO;
				DEBUG_INFORMATION_FORMAT = dwarf;
				DEVELOPMENT_TEAM = NLTYK5T6U3;
				ENABLE_STRICT_OBJC_MSGSEND = YES;
				ENABLE_TESTABILITY = YES;
				ENABLE_USER_SCRIPT_SANDBOXING = YES;
				GCC_C_LANGUAGE_STANDARD = gnu17;
				GCC_DYNAMIC_NO_PIC = NO;
				GCC_NO_COMMON_BLOCKS = YES;
				GCC_OPTIMIZATION_LEVEL = 0;
				GCC_PREPROCESSOR_DEFINITIONS = (
					"DEBUG=1",
					"$(inherited)",
				);
				GCC_WARN_64_TO_32_BIT_CONVERSION = YES;
				GCC_WARN_ABOUT_RETURN_TYPE = YES_ERROR;
				GCC_WARN_UNDECLARED_SELECTOR = YES;
				GCC_WARN_UNINITIALIZED_AUTOS = YES_AGGRESSIVE;
				GCC_WARN_UNUSED_FUNCTION = YES;
				GCC_WARN_UNUSED_VARIABLE = YES;
				LOCALIZATION_PREFERS_STRING_CATALOGS = YES;
				MTL_ENABLE_DEBUG_INFO = INCLUDE_SOURCE;
				MTL_FAST_MATH = YES;
				ONLY_ACTIVE_ARCH = YES;
				SWIFT_ACTIVE_COMPILATION_CONDITIONS = "DEBUG $(inherited)";
				SWIFT_OPTIMIZATION_LEVEL = "-Onone";
			};
			name = Debug;
		};
		98F94ACB304BB54E0067966D /* Release configuration for PBXProject "BackgroundAssetDemo" */ = {
			isa = XCBuildConfiguration;
			buildSettings = {
				ALWAYS_SEARCH_USER_PATHS = NO;
				ASSETCATALOG_COMPILER_GENERATE_SWIFT_ASSET_SYMBOL_EXTENSIONS = YES;
				CLANG_ANALYZER_NONNULL = YES;
				CLANG_ANALYZER_NUMBER_OBJECT_CONVERSION = YES_AGGRESSIVE;
				CLANG_CXX_LANGUAGE_STANDARD = "gnu++20";
				CLANG_ENABLE_MODULES = YES;
				CLANG_ENABLE_OBJC_ARC = YES;
				CLANG_ENABLE_OBJC_WEAK = YES;
				CLANG_WARN_BLOCK_CAPTURE_AUTORELEASING = YES;
				CLANG_WARN_BOOL_CONVERSION = YES;
				CLANG_WARN_COMMA = YES;
				CLANG_WARN_CONSTANT_CONVERSION = YES;
				CLANG_WARN_DEPRECATED_OBJC_IMPLEMENTATIONS = YES;
				CLANG_WARN_DIRECT_OBJC_ISA_USAGE = YES_ERROR;
				CLANG_WARN_DOCUMENTATION_COMMENTS = YES;
				CLANG_WARN_EMPTY_BODY = YES;
				CLANG_WARN_ENUM_CONVERSION = YES;
				CLANG_WARN_INFINITE_RECURSION = YES;
				CLANG_WARN_INT_CONVERSION = YES;
				CLANG_WARN_NON_LITERAL_NULL_CONVERSION = YES;
				CLANG_WARN_OBJC_IMPLICIT_RETAIN_SELF = YES;
				CLANG_WARN_OBJC_LITERAL_CONVERSION = YES;
				CLANG_WARN_OBJC_ROOT_CLASS = YES_ERROR;
				CLANG_WARN_QUOTED_INCLUDE_IN_FRAMEWORK_HEADER = YES;
				CLANG_WARN_RANGE_LOOP_ANALYSIS = YES;
				CLANG_WARN_STRICT_PROTOTYPES = YES;
				CLANG_WARN_SUSPICIOUS_MOVE = YES;
				CLANG_WARN_UNGUARDED_AVAILABILITY = YES_AGGRESSIVE;
				CLANG_WARN_UNREACHABLE_CODE = YES;
				CLANG_WARN__DUPLICATE_METHOD_MATCH = YES;
				COPY_PHASE_STRIP = NO;
				DEBUG_INFORMATION_FORMAT = "dwarf-with-dsym";
				DEVELOPMENT_TEAM = NLTYK5T6U3;
				ENABLE_NS_ASSERTIONS = NO;
				ENABLE_STRICT_OBJC_MSGSEND = YES;
				ENABLE_USER_SCRIPT_SANDBOXING = YES;
				GCC_C_LANGUAGE_STANDARD = gnu17;
				GCC_NO_COMMON_BLOCKS = YES;
				GCC_WARN_64_TO_32_BIT_CONVERSION = YES;
				GCC_WARN_ABOUT_RETURN_TYPE = YES_ERROR;
				GCC_WARN_UNDECLARED_SELECTOR = YES;
				GCC_WARN_UNINITIALIZED_AUTOS = YES_AGGRESSIVE;
				GCC_WARN_UNUSED_FUNCTION = YES;
				GCC_WARN_UNUSED_VARIABLE = YES;
				LOCALIZATION_PREFERS_STRING_CATALOGS = YES;
				MTL_ENABLE_DEBUG_INFO = NO;
				MTL_FAST_MATH = YES;
				SWIFT_COMPILATION_MODE = wholemodule;
			};
			name = Release;
		};
		98F94ACD304BB54E0067966D /* Debug configuration for PBXNativeTarget "BackgroundAssetDemo" */ = {
			isa = XCBuildConfiguration;
			buildSettings = {
				ASSETCATALOG_COMPILER_APPICON_NAME = AppIcon;
				ASSETCATALOG_COMPILER_GLOBAL_ACCENT_COLOR_NAME = AccentColor;
				CODE_SIGN_ENTITLEMENTS = BackgroundAssetDemo/BackgroundAssetDemo.entitlements;
				CODE_SIGN_STYLE = Automatic;
				CURRENT_PROJECT_VERSION = 1;
				DEVELOPMENT_TEAM = NLTYK5T6U3;
				ENABLE_APP_SANDBOX = YES;
				ENABLE_HARDENED_RUNTIME = YES;
				ENABLE_PREVIEWS = YES;
				ENABLE_USER_SELECTED_FILES = readonly;
				GENERATE_INFOPLIST_FILE = YES;
				INFOPLIST_FILE = BackgroundAssetDemo/Info.plist;
				"INFOPLIST_KEY_UIApplicationSceneManifest_Generation[sdk=iphoneos*]" = YES;
				"INFOPLIST_KEY_UIApplicationSceneManifest_Generation[sdk=iphonesimulator*]" = YES;
				"INFOPLIST_KEY_UIApplicationSupportsIndirectInputEvents[sdk=iphoneos*]" = YES;
				"INFOPLIST_KEY_UIApplicationSupportsIndirectInputEvents[sdk=iphonesimulator*]" = YES;
				"INFOPLIST_KEY_UILaunchScreen_Generation[sdk=iphoneos*]" = YES;
				"INFOPLIST_KEY_UILaunchScreen_Generation[sdk=iphonesimulator*]" = YES;
				"INFOPLIST_KEY_UIStatusBarStyle[sdk=iphoneos*]" = UIStatusBarStyleDefault;
				"INFOPLIST_KEY_UIStatusBarStyle[sdk=iphonesimulator*]" = UIStatusBarStyleDefault;
				INFOPLIST_KEY_UISupportedInterfaceOrientations_iPad = "UIInterfaceOrientationPortrait UIInterfaceOrientationPortraitUpsideDown UIInterfaceOrientationLandscapeLeft UIInterfaceOrientationLandscapeRight";
				INFOPLIST_KEY_UISupportedInterfaceOrientations_iPhone = "UIInterfaceOrientationPortrait UIInterfaceOrientationLandscapeLeft UIInterfaceOrientationLandscapeRight";
				IPHONEOS_DEPLOYMENT_TARGET = 27.0;
				LD_RUNPATH_SEARCH_PATHS = "@executable_path/Frameworks";
				"LD_RUNPATH_SEARCH_PATHS[sdk=macosx*]" = "@executable_path/../Frameworks";
				MACOSX_DEPLOYMENT_TARGET = 27.0;
				MARKETING_VERSION = 1.0;
				PRODUCT_BUNDLE_IDENTIFIER = itsuki.enjoy.BackgroundAssetDemo;
				PRODUCT_NAME = "$(TARGET_NAME)";
				REGISTER_APP_GROUPS = YES;
				SDKROOT = auto;
				STRING_CATALOG_GENERATE_SYMBOLS = YES;
				SUPPORTED_PLATFORMS = "iphoneos iphonesimulator";
				SUPPORTS_MACCATALYST = NO;
				SUPPORTS_MAC_DESIGNED_FOR_IPHONE_IPAD = YES;
				SWIFT_APPROACHABLE_CONCURRENCY = YES;
				SWIFT_DEFAULT_ACTOR_ISOLATION = MainActor;
				SWIFT_EMIT_LOC_STRINGS = YES;
				SWIFT_UPCOMING_FEATURE_MEMBER_IMPORT_VISIBILITY = YES;
				SWIFT_VERSION = 5.0;
				TARGETED_DEVICE_FAMILY = "1,2";
				XROS_DEPLOYMENT_TARGET = 27.0;
			};
			name = Debug;
		};
		98F94ACE304BB54E0067966D /* Release configuration for PBXNativeTarget "BackgroundAssetDemo" */ = {
			isa = XCBuildConfiguration;
			buildSettings = {
				ASSETCATALOG_COMPILER_APPICON_NAME = AppIcon;
				ASSETCATALOG_COMPILER_GLOBAL_ACCENT_COLOR_NAME = AccentColor;
				CODE_SIGN_ENTITLEMENTS = BackgroundAssetDemo/BackgroundAssetDemo.entitlements;
				CODE_SIGN_STYLE = Automatic;
				CURRENT_PROJECT_VERSION = 1;
				DEVELOPMENT_TEAM = NLTYK5T6U3;
				ENABLE_APP_SANDBOX = YES;
				ENABLE_HARDENED_RUNTIME = YES;
				ENABLE_PREVIEWS = YES;
				ENABLE_USER_SELECTED_FILES = readonly;
				GENERATE_INFOPLIST_FILE = YES;
				INFOPLIST_FILE = BackgroundAssetDemo/Info.plist;
				"INFOPLIST_KEY_UIApplicationSceneManifest_Generation[sdk=iphoneos*]" = YES;
				"INFOPLIST_KEY_UIApplicationSceneManifest_Generation[sdk=iphonesimulator*]" = YES;
				"INFOPLIST_KEY_UIApplicationSupportsIndirectInputEvents[sdk=iphoneos*]" = YES;
				"INFOPLIST_KEY_UIApplicationSupportsIndirectInputEvents[sdk=iphonesimulator*]" = YES;
				"INFOPLIST_KEY_UILaunchScreen_Generation[sdk=iphoneos*]" = YES;
				"INFOPLIST_KEY_UILaunchScreen_Generation[sdk=iphonesimulator*]" = YES;
				"INFOPLIST_KEY_UIStatusBarStyle[sdk=iphoneos*]" = UIStatusBarStyleDefault;
				"INFOPLIST_KEY_UIStatusBarStyle[sdk=iphonesimulator*]" = UIStatusBarStyleDefault;
				INFOPLIST_KEY_UISupportedInterfaceOrientations_iPad = "UIInterfaceOrientationPortrait UIInterfaceOrientationPortraitUpsideDown UIInterfaceOrientationLandscapeLeft UIInterfaceOrientationLandscapeRight";
				INFOPLIST_KEY_UISupportedInterfaceOrientations_iPhone = "UIInterfaceOrientationPortrait UIInterfaceOrientationLandscapeLeft UIInterfaceOrientationLandscapeRight";
				IPHONEOS_DEPLOYMENT_TARGET = 27.0;
				LD_RUNPATH_SEARCH_PATHS = "@executable_path/Frameworks";
				"LD_RUNPATH_SEARCH_PATHS[sdk=macosx*]" = "@executable_path/../Frameworks";
				MACOSX_DEPLOYMENT_TARGET = 27.0;
				MARKETING_VERSION = 1.0;
				PRODUCT_BUNDLE_IDENTIFIER = itsuki.enjoy.BackgroundAssetDemo;
				PRODUCT_NAME = "$(TARGET_NAME)";
				REGISTER_APP_GROUPS = YES;
				SDKROOT = auto;
				STRING_CATALOG_GENERATE_SYMBOLS = YES;
				SUPPORTED_PLATFORMS = "iphoneos iphonesimulator";
				SUPPORTS_MACCATALYST = NO;
				SUPPORTS_MAC_DESIGNED_FOR_IPHONE_IPAD = YES;
				SWIFT_APPROACHABLE_CONCURRENCY = YES;
				SWIFT_DEFAULT_ACTOR_ISOLATION = MainActor;
				SWIFT_EMIT_LOC_STRINGS = YES;
				SWIFT_UPCOMING_FEATURE_MEMBER_IMPORT_VISIBILITY = YES;
				SWIFT_VERSION = 5.0;
				TARGETED_DEVICE_FAMILY = "1,2";
				XROS_DEPLOYMENT_TARGET = 27.0;
			};
			name = Release;
		};
		98F94ADE304BBBB90067966D /* Debug configuration for PBXNativeTarget "AssetsDownloader" */ = {
			isa = XCBuildConfiguration;
			buildSettings = {
				CODE_SIGN_ENTITLEMENTS = AssetsDownloader/AssetsDownloader.entitlements;
				CODE_SIGN_STYLE = Automatic;
				CURRENT_PROJECT_VERSION = 1;
				DEVELOPMENT_TEAM = NLTYK5T6U3;
				GENERATE_INFOPLIST_FILE = YES;
				INFOPLIST_FILE = AssetsDownloader/Info.plist;
				INFOPLIST_KEY_CFBundleDisplayName = AssetsDownloader;
				INFOPLIST_KEY_NSHumanReadableCopyright = "";
				IPHONEOS_DEPLOYMENT_TARGET = 27.0;
				LD_RUNPATH_SEARCH_PATHS = (
					"$(inherited)",
					"@executable_path/Frameworks",
					"@executable_path/../../Frameworks",
				);
				MARKETING_VERSION = 1.0;
				PRODUCT_BUNDLE_IDENTIFIER = itsuki.enjoy.BackgroundAssetDemo.AssetsDownloader;
				PRODUCT_NAME = "$(TARGET_NAME)";
				SDKROOT = iphoneos;
				SKIP_INSTALL = YES;
				STRING_CATALOG_GENERATE_SYMBOLS = YES;
				SWIFT_APPROACHABLE_CONCURRENCY = YES;
				SWIFT_EMIT_LOC_STRINGS = YES;
				SWIFT_UPCOMING_FEATURE_MEMBER_IMPORT_VISIBILITY = YES;
				SWIFT_VERSION = 5.0;
				TARGETED_DEVICE_FAMILY = "1,2";
			};
			name = Debug;
		};
		98F94ADF304BBBB90067966D /* Release configuration for PBXNativeTarget "AssetsDownloader" */ = {
			isa = XCBuildConfiguration;
			buildSettings = {
				CODE_SIGN_ENTITLEMENTS = AssetsDownloader/AssetsDownloader.entitlements;
				CODE_SIGN_STYLE = Automatic;
				CURRENT_PROJECT_VERSION = 1;
				DEVELOPMENT_TEAM = NLTYK5T6U3;
				GENERATE_INFOPLIST_FILE = YES;
				INFOPLIST_FILE = AssetsDownloader/Info.plist;
				INFOPLIST_KEY_CFBundleDisplayName = AssetsDownloader;
				INFOPLIST_KEY_NSHumanReadableCopyright = "";
				IPHONEOS_DEPLOYMENT_TARGET = 27.0;
				LD_RUNPATH_SEARCH_PATHS = (
					"$(inherited)",
					"@executable_path/Frameworks",
					"@executable_path/../../Frameworks",
				);
				MARKETING_VERSION = 1.0;
				PRODUCT_BUNDLE_IDENTIFIER = itsuki.enjoy.BackgroundAssetDemo.AssetsDownloader;
				PRODUCT_NAME = "$(TARGET_NAME)";
				SDKROOT = iphoneos;
				SKIP_INSTALL = YES;
				STRING_CATALOG_GENERATE_SYMBOLS = YES;
				SWIFT_APPROACHABLE_CONCURRENCY = YES;
				SWIFT_EMIT_LOC_STRINGS = YES;
				SWIFT_UPCOMING_FEATURE_MEMBER_IMPORT_VISIBILITY = YES;
				SWIFT_VERSION = 5.0;
				TARGETED_DEVICE_FAMILY = "1,2";
				VALIDATE_PRODUCT = YES;
			};
			name = Release;
		};
/* End XCBuildConfiguration section */

/* Begin XCConfigurationList section */
		98F94ABC304BB54E0067966D /* Build configuration list for PBXProject "BackgroundAssetDemo" */ = {
			isa = XCConfigurationList;
			buildConfigurations = (
				98F94ACA304BB54E0067966D /* Debug configuration for PBXProject "BackgroundAssetDemo" */,
				98F94ACB304BB54E0067966D /* Release configuration for PBXProject "BackgroundAssetDemo" */,
			);
			defaultConfigurationName = Release;
		};
		98F94ACC304BB54E0067966D /* Build configuration list for PBXNativeTarget "BackgroundAssetDemo" */ = {
			isa = XCConfigurationList;
			buildConfigurations = (
				98F94ACD304BB54E0067966D /* Debug configuration for PBXNativeTarget "BackgroundAssetDemo" */,
				98F94ACE304BB54E0067966D /* Release configuration for PBXNativeTarget "BackgroundAssetDemo" */,
			);
			defaultConfigurationName = Release;
		};
		98F94ADD304BBBB90067966D /* Build configuration list for PBXNativeTarget "AssetsDownloader" */ = {
			isa = XCConfigurationList;
			buildConfigurations = (
				98F94ADE304BBBB90067966D /* Debug configuration for PBXNativeTarget "AssetsDownloader" */,
				98F94ADF304BBBB90067966D /* Release configuration for PBXNativeTarget "AssetsDownloader" */,
			);
			defaultConfigurationName = Release;
		};
/* End XCConfigurationList section */
	};
	rootObject = 98F94AB9304BB54E0067966D /* Project object */;
	validationLevel = 1;
}
